
Microsoft Visual Studio Solution File, Format Version 12.00
# Visual Studio Version 17
VisualStudioVersion = 17.7.34031.279
MinimumVisualStudioVersion = 10.0.40219.1
Project("{FAE04EC0-301F-11D3-BF4B-00C04F79EFBC}") = "WebApplication1", "WebApplication1\WebApplication1.csproj", "{0DBFCB58-7A4B-4068-8562-A9E3EA0E7B81}"
EndProject
Global
	GlobalSection(SolutionConfigurationPlatforms) = preSolution
		Debug|Any CPU = Debug|Any CPU
		Release|Any CPU = Release|Any CPU
	EndGlobalSection
	GlobalSection(ProjectConfigurationPlatforms) = postSolution
		{0DBFCB58-7A4B-4068-8562-A9E3EA0E7B81}.Debug|Any CPU.ActiveCfg = Debug|Any CPU
		{0DBFCB58-7A4B-4068-8562-A9E3EA0E7B81}.Debug|Any CPU.Build.0 = Debug|Any CPU
		{0DBFCB58-7A4B-4068-8562-A9E3EA0E7B81}.Release|Any CPU.ActiveCfg = Release|Any CPU
		{0DBFCB58-7A4B-4068-8562-A9E3EA0E7B81}.Release|Any CPU.Build.0 = Release|Any CPU
	EndGlobalSection
	GlobalSection(SolutionProperties) = preSolution
		HideSolutionNode = FALSE
	EndGlobalSection
	GlobalSection(ExtensibilityGlobals) = postSolution
		SolutionGuid = {CF69B56F-901D-4E49-A501-E720BD0F4D04}
	EndGlobalSection
EndGlobal
